
Microsoft Visual Studio Solution File, Format Version 11.00
# Visual Studio 2010
Project("{8BC9CEB8-8B4A-11D0-8D11-00A0C91BC942}") = "2", "2\2.vcxproj", "{CEB336F0-16D7-47AB-B192-DE511572C187}"
EndProject
Global
	GlobalSection(SolutionConfigurationPlatforms) = preSolution
		Debug|Win32 = Debug|Win32
		Release|Win32 = Release|Win32
	EndGlobalSection
	GlobalSection(ProjectConfigurationPlatforms) = postSolution
		{CEB336F0-16D7-47AB-B192-DE511572C187}.Debug|Win32.ActiveCfg = Debug|Win32
		{CEB336F0-16D7-47AB-B192-DE511572C187}.Debug|Win32.Build.0 = Debug|Win32
		{CEB336F0-16D7-47AB-B192-DE511572C187}.Release|Win32.ActiveCfg = Release|Win32
		{CEB336F0-16D7-47AB-B192-DE511572C187}.Release|Win32.Build.0 = Release|Win32
	EndGlobalSection
	GlobalSection(SolutionProperties) = preSolution
		HideSolutionNode = FALSE
	EndGlobalSection
EndGlobal
